
Microsoft Visual Studio Solution File, Format Version 12.00
# Visual Studio 15
VisualStudioVersion = 15.0.26621.2
MinimumVisualStudioVersion = 10.0.40219.1
Project("{9A19103F-16F7-4668-BE54-9A1E7A4F7556}") = "Itofinity.Cli.Mef", "src\Itofinity.Cli.Mef\Itofinity.Cli.Mef.csproj", "{564869EC-1305-4BA2-8BAF-28ECD39B9502}"
EndProject
Global
	GlobalSection(SolutionConfigurationPlatforms) = preSolution
		Debug|Any CPU = Debug|Any CPU
		Release|Any CPU = Release|Any CPU
	EndGlobalSection
	GlobalSection(ProjectConfigurationPlatforms) = postSolution
		{564869EC-1305-4BA2-8BAF-28ECD39B9502}.Debug|Any CPU.ActiveCfg = Debug|Any CPU
		{564869EC-1305-4BA2-8BAF-28ECD39B9502}.Debug|Any CPU.Build.0 = Debug|Any CPU
		{564869EC-1305-4BA2-8BAF-28ECD39B9502}.Release|Any CPU.ActiveCfg = Release|Any CPU
		{564869EC-1305-4BA2-8BAF-28ECD39B9502}.Release|Any CPU.Build.0 = Release|Any CPU
	EndGlobalSection
	GlobalSection(SolutionProperties) = preSolution
		HideSolutionNode = FALSE
	EndGlobalSection
	GlobalSection(ExtensibilityGlobals) = postSolution
		SolutionGuid = {2628287D-DC6A-43AA-AF86-56B6401B91AA}
	EndGlobalSection
EndGlobal
